# THIS IS AN AUTOGENERATED FILE. DO NOT EDIT THIS FILE DIRECTLY.
# yarn lockfile v1


windicss@^3.2.0:
  version "3.2.0"
  resolved "https://registry.yarnpkg.com/windicss/-/windicss-3.2.0.tgz#d779cface09afafa4c31e41f9c229db3d66b5807"
  integrity sha512-z0q789VZXKdRBrAsfkR+1vOYCb7bS1kec1hyaulT4NClNgO9zGObWbiN+9Jwk0Iw7CLdk/QCB/WCF+zVmr0WpQ==
